
Microsoft Visual Studio Solution File, Format Version 12.00
# Visual Studio 2012
Project("{FAE04EC0-301F-11D3-BF4B-00C04F79EFBC}") = "08-Most-Frequent-Number", "08-Most-Frequent-Number\08-Most-Frequent-Number.csproj", "{017B324F-DD73-4634-8EC2-578A95D94A44}"
EndProject
Global
	GlobalSection(SolutionConfigurationPlatforms) = preSolution
		Debug|Any CPU = Debug|Any CPU
		Release|Any CPU = Release|Any CPU
	EndGlobalSection
	GlobalSection(ProjectConfigurationPlatforms) = postSolution
		{017B324F-DD73-4634-8EC2-578A95D94A44}.Debug|Any CPU.ActiveCfg = Debug|Any CPU
		{017B324F-DD73-4634-8EC2-578A95D94A44}.Debug|Any CPU.Build.0 = Debug|Any CPU
		{017B324F-DD73-4634-8EC2-578A95D94A44}.Release|Any CPU.ActiveCfg = Release|Any CPU
		{017B324F-DD73-4634-8EC2-578A95D94A44}.Release|Any CPU.Build.0 = Release|Any CPU
	EndGlobalSection
EndGlobal
