
Microsoft Visual Studio Solution File, Format Version 12.00
# Visual Studio 15
Project("{FAE04EC0-301F-11D3-BF4B-00C04F79EFBC}") = "05-Compare-Char-Arrays", "05-Compare-Char-Arrays\05-Compare-Char-Arrays.csproj", "{FF3A4DDB-517B-4A30-A2AF-B0D90919813E}"
EndProject
Global
	GlobalSection(SolutionConfigurationPlatforms) = preSolution
		Debug|x86 = Debug|x86
		Release|x86 = Release|x86
	EndGlobalSection
	GlobalSection(ProjectConfigurationPlatforms) = postSolution
		{FF3A4DDB-517B-4A30-A2AF-B0D90919813E}.Debug|x86.ActiveCfg = Debug|x86
		{FF3A4DDB-517B-4A30-A2AF-B0D90919813E}.Debug|x86.Build.0 = Debug|x86
		{FF3A4DDB-517B-4A30-A2AF-B0D90919813E}.Release|x86.ActiveCfg = Release|x86
		{FF3A4DDB-517B-4A30-A2AF-B0D90919813E}.Release|x86.Build.0 = Release|x86
	EndGlobalSection
EndGlobal
