
Microsoft Visual Studio Solution File, Format Version 12.00
# Visual Studio 2012
Project("{FAE04EC0-301F-11D3-BF4B-00C04F79EFBC}") = "12-Number-checker", "12-Number-checker\12-Number-checker.csproj", "{2FF6F770-43A7-47FE-8E76-7870F9B8779F}"
EndProject
Global
	GlobalSection(SolutionConfigurationPlatforms) = preSolution
		Debug|Any CPU = Debug|Any CPU
		Release|Any CPU = Release|Any CPU
	EndGlobalSection
	GlobalSection(ProjectConfigurationPlatforms) = postSolution
		{2FF6F770-43A7-47FE-8E76-7870F9B8779F}.Debug|Any CPU.ActiveCfg = Debug|Any CPU
		{2FF6F770-43A7-47FE-8E76-7870F9B8779F}.Debug|Any CPU.Build.0 = Debug|Any CPU
		{2FF6F770-43A7-47FE-8E76-7870F9B8779F}.Release|Any CPU.ActiveCfg = Release|Any CPU
		{2FF6F770-43A7-47FE-8E76-7870F9B8779F}.Release|Any CPU.Build.0 = Release|Any CPU
	EndGlobalSection
EndGlobal
