
Microsoft Visual Studio Solution File, Format Version 12.00
# Visual Studio 2012
Project("{FAE04EC0-301F-11D3-BF4B-00C04F79EFBC}") = "05-Boolean-Variable", "05-Boolean-Variable\05-Boolean-Variable.csproj", "{E9BA6F9A-AEC5-40E1-99B2-A55D44331AC4}"
EndProject
Global
	GlobalSection(SolutionConfigurationPlatforms) = preSolution
		Debug|x86 = Debug|x86
		Release|x86 = Release|x86
	EndGlobalSection
	GlobalSection(ProjectConfigurationPlatforms) = postSolution
		{E9BA6F9A-AEC5-40E1-99B2-A55D44331AC4}.Debug|x86.ActiveCfg = Debug|x86
		{E9BA6F9A-AEC5-40E1-99B2-A55D44331AC4}.Debug|x86.Build.0 = Debug|x86
		{E9BA6F9A-AEC5-40E1-99B2-A55D44331AC4}.Release|x86.ActiveCfg = Release|x86
		{E9BA6F9A-AEC5-40E1-99B2-A55D44331AC4}.Release|x86.Build.0 = Release|x86
	EndGlobalSection
EndGlobal
