
Microsoft Visual Studio Solution File, Format Version 12.00
# Visual Studio 2012
Project("{FAE04EC0-301F-11D3-BF4B-00C04F79EFBC}") = "09-Multiplication-Table", "09-Multiplication-Table\09-Multiplication-Table.csproj", "{A97482F4-7E48-4EFC-B6FE-98A20643B931}"
EndProject
Global
	GlobalSection(SolutionConfigurationPlatforms) = preSolution
		Debug|Any CPU = Debug|Any CPU
		Release|Any CPU = Release|Any CPU
	EndGlobalSection
	GlobalSection(ProjectConfigurationPlatforms) = postSolution
		{A97482F4-7E48-4EFC-B6FE-98A20643B931}.Debug|Any CPU.ActiveCfg = Debug|Any CPU
		{A97482F4-7E48-4EFC-B6FE-98A20643B931}.Debug|Any CPU.Build.0 = Debug|Any CPU
		{A97482F4-7E48-4EFC-B6FE-98A20643B931}.Release|Any CPU.ActiveCfg = Release|Any CPU
		{A97482F4-7E48-4EFC-B6FE-98A20643B931}.Release|Any CPU.Build.0 = Release|Any CPU
	EndGlobalSection
EndGlobal
