
Microsoft Visual Studio Solution File, Format Version 12.00
# Visual Studio 2012
Project("{FAE04EC0-301F-11D3-BF4B-00C04F79EFBC}") = "12-Rectangle-Properties", "12-Rectangle-Properties\12-Rectangle-Properties.csproj", "{E214BD94-307D-4855-8423-565F6D6C24BA}"
EndProject
Global
	GlobalSection(SolutionConfigurationPlatforms) = preSolution
		Debug|x86 = Debug|x86
		Release|x86 = Release|x86
	EndGlobalSection
	GlobalSection(ProjectConfigurationPlatforms) = postSolution
		{E214BD94-307D-4855-8423-565F6D6C24BA}.Debug|x86.ActiveCfg = Debug|x86
		{E214BD94-307D-4855-8423-565F6D6C24BA}.Debug|x86.Build.0 = Debug|x86
		{E214BD94-307D-4855-8423-565F6D6C24BA}.Release|x86.ActiveCfg = Release|x86
		{E214BD94-307D-4855-8423-565F6D6C24BA}.Release|x86.Build.0 = Release|x86
	EndGlobalSection
EndGlobal
