
Microsoft Visual Studio Solution File, Format Version 12.00
# Visual Studio 2012
Project("{FAE04EC0-301F-11D3-BF4B-00C04F79EFBC}") = "10-Multiplication-Table-2.0", "10-Multiplication-Table-2.0\10-Multiplication-Table-2.0.csproj", "{39CD0C4D-06A8-46A8-8828-897A09649BD9}"
EndProject
Global
	GlobalSection(SolutionConfigurationPlatforms) = preSolution
		Debug|Any CPU = Debug|Any CPU
		Release|Any CPU = Release|Any CPU
	EndGlobalSection
	GlobalSection(ProjectConfigurationPlatforms) = postSolution
		{39CD0C4D-06A8-46A8-8828-897A09649BD9}.Debug|Any CPU.ActiveCfg = Debug|Any CPU
		{39CD0C4D-06A8-46A8-8828-897A09649BD9}.Debug|Any CPU.Build.0 = Debug|Any CPU
		{39CD0C4D-06A8-46A8-8828-897A09649BD9}.Release|Any CPU.ActiveCfg = Release|Any CPU
		{39CD0C4D-06A8-46A8-8828-897A09649BD9}.Release|Any CPU.Build.0 = Release|Any CPU
	EndGlobalSection
EndGlobal
