
Microsoft Visual Studio Solution File, Format Version 12.00
# Visual Studio 2012
Project("{FAE04EC0-301F-11D3-BF4B-00C04F79EFBC}") = "06-Theatre-Promotions", "06-Theatre-Promotions\06-Theatre-Promotions.csproj", "{3D1EDB0C-0C3E-403E-A0C9-94C6D72F1A4C}"
EndProject
Global
	GlobalSection(SolutionConfigurationPlatforms) = preSolution
		Debug|Any CPU = Debug|Any CPU
		Release|Any CPU = Release|Any CPU
	EndGlobalSection
	GlobalSection(ProjectConfigurationPlatforms) = postSolution
		{3D1EDB0C-0C3E-403E-A0C9-94C6D72F1A4C}.Debug|Any CPU.ActiveCfg = Debug|Any CPU
		{3D1EDB0C-0C3E-403E-A0C9-94C6D72F1A4C}.Debug|Any CPU.Build.0 = Debug|Any CPU
		{3D1EDB0C-0C3E-403E-A0C9-94C6D72F1A4C}.Release|Any CPU.ActiveCfg = Release|Any CPU
		{3D1EDB0C-0C3E-403E-A0C9-94C6D72F1A4C}.Release|Any CPU.Build.0 = Release|Any CPU
	EndGlobalSection
EndGlobal
